
Microsoft Visual Studio Solution File, Format Version 12.00
# Visual Studio Version 17
VisualStudioVersion = 17.4.33205.214
MinimumVisualStudioVersion = 10.0.40219.1
Project("{FAE04EC0-301F-11D3-BF4B-00C04F79EFBC}") = "tpv", "tpv\tpv.csproj", "{4BA880B5-1DF7-496A-893D-376E6741594D}"
EndProject
Global
	GlobalSection(SolutionConfigurationPlatforms) = preSolution
		Debug|Any CPU = Debug|Any CPU
		Release|Any CPU = Release|Any CPU
	EndGlobalSection
	GlobalSection(ProjectConfigurationPlatforms) = postSolution
		{4BA880B5-1DF7-496A-893D-376E6741594D}.Debug|Any CPU.ActiveCfg = Debug|Any CPU
		{4BA880B5-1DF7-496A-893D-376E6741594D}.Debug|Any CPU.Build.0 = Debug|Any CPU
		{4BA880B5-1DF7-496A-893D-376E6741594D}.Release|Any CPU.ActiveCfg = Release|Any CPU
		{4BA880B5-1DF7-496A-893D-376E6741594D}.Release|Any CPU.Build.0 = Release|Any CPU
	EndGlobalSection
	GlobalSection(SolutionProperties) = preSolution
		HideSolutionNode = FALSE
	EndGlobalSection
	GlobalSection(ExtensibilityGlobals) = postSolution
		SolutionGuid = {4CAE394E-0919-4B59-AF0D-D6975793E241}
	EndGlobalSection
EndGlobal
